
Microsoft Visual Studio Solution File, Format Version 12.00
# Visual Studio Version 16
VisualStudioVersion = 16.0.33927.289
MinimumVisualStudioVersion = 10.0.40219.1
Project("{FAE04EC0-301F-11D3-BF4B-00C04F79EFBC}") = "postive", "postive\postive.csproj", "{3C37A0EE-1EB8-44EF-A9D7-6FE996E33830}"
EndProject
Global
	GlobalSection(SolutionConfigurationPlatforms) = preSolution
		Debug|Any CPU = Debug|Any CPU
		Release|Any CPU = Release|Any CPU
	EndGlobalSection
	GlobalSection(ProjectConfigurationPlatforms) = postSolution
		{3C37A0EE-1EB8-44EF-A9D7-6FE996E33830}.Debug|Any CPU.ActiveCfg = Debug|Any CPU
		{3C37A0EE-1EB8-44EF-A9D7-6FE996E33830}.Debug|Any CPU.Build.0 = Debug|Any CPU
		{3C37A0EE-1EB8-44EF-A9D7-6FE996E33830}.Release|Any CPU.ActiveCfg = Release|Any CPU
		{3C37A0EE-1EB8-44EF-A9D7-6FE996E33830}.Release|Any CPU.Build.0 = Release|Any CPU
	EndGlobalSection
	GlobalSection(SolutionProperties) = preSolution
		HideSolutionNode = FALSE
	EndGlobalSection
	GlobalSection(ExtensibilityGlobals) = postSolution
		SolutionGuid = {878D6C83-0DE4-4059-952A-EB35638D2415}
	EndGlobalSection
EndGlobal
