
Microsoft Visual Studio Solution File, Format Version 12.00
# Visual Studio Version 16
VisualStudioVersion = 16.0.33927.289
MinimumVisualStudioVersion = 10.0.40219.1
Project("{FAE04EC0-301F-11D3-BF4B-00C04F79EFBC}") = "code 2", "code 2\code 2.csproj", "{834C14AC-EFDE-4946-937E-6A31DE7E965C}"
EndProject
Global
	GlobalSection(SolutionConfigurationPlatforms) = preSolution
		Debug|Any CPU = Debug|Any CPU
		Release|Any CPU = Release|Any CPU
	EndGlobalSection
	GlobalSection(ProjectConfigurationPlatforms) = postSolution
		{834C14AC-EFDE-4946-937E-6A31DE7E965C}.Debug|Any CPU.ActiveCfg = Debug|Any CPU
		{834C14AC-EFDE-4946-937E-6A31DE7E965C}.Debug|Any CPU.Build.0 = Debug|Any CPU
		{834C14AC-EFDE-4946-937E-6A31DE7E965C}.Release|Any CPU.ActiveCfg = Release|Any CPU
		{834C14AC-EFDE-4946-937E-6A31DE7E965C}.Release|Any CPU.Build.0 = Release|Any CPU
	EndGlobalSection
	GlobalSection(SolutionProperties) = preSolution
		HideSolutionNode = FALSE
	EndGlobalSection
	GlobalSection(ExtensibilityGlobals) = postSolution
		SolutionGuid = {513A14D3-DBB9-46E2-B54E-27633AB96557}
	EndGlobalSection
EndGlobal
