
Microsoft Visual Studio Solution File, Format Version 12.00
# Visual Studio Version 16
VisualStudioVersion = 16.0.34031.81
MinimumVisualStudioVersion = 10.0.40219.1
Project("{FAE04EC0-301F-11D3-BF4B-00C04F79EFBC}") = "CodeBaseTest4", "CodeBaseTest4\CodeBaseTest4.csproj", "{33267460-3669-403B-9397-B46563CBB437}"
EndProject
Global
	GlobalSection(SolutionConfigurationPlatforms) = preSolution
		Debug|Any CPU = Debug|Any CPU
		Release|Any CPU = Release|Any CPU
	EndGlobalSection
	GlobalSection(ProjectConfigurationPlatforms) = postSolution
		{33267460-3669-403B-9397-B46563CBB437}.Debug|Any CPU.ActiveCfg = Debug|Any CPU
		{33267460-3669-403B-9397-B46563CBB437}.Debug|Any CPU.Build.0 = Debug|Any CPU
		{33267460-3669-403B-9397-B46563CBB437}.Release|Any CPU.ActiveCfg = Release|Any CPU
		{33267460-3669-403B-9397-B46563CBB437}.Release|Any CPU.Build.0 = Release|Any CPU
	EndGlobalSection
	GlobalSection(SolutionProperties) = preSolution
		HideSolutionNode = FALSE
	EndGlobalSection
	GlobalSection(ExtensibilityGlobals) = postSolution
		SolutionGuid = {426D264F-2135-4151-B96C-EF0F8B330AA3}
	EndGlobalSection
EndGlobal
