
Microsoft Visual Studio Solution File, Format Version 12.00
# Visual Studio Version 16
VisualStudioVersion = 16.0.34031.81
MinimumVisualStudioVersion = 10.0.40219.1
Project("{FAE04EC0-301F-11D3-BF4B-00C04F79EFBC}") = "CS3and4", "CS3and4\CS3and4.csproj", "{B85D79B6-5F4A-4FCF-AEEB-101D5D595FBA}"
EndProject
Global
	GlobalSection(SolutionConfigurationPlatforms) = preSolution
		Debug|Any CPU = Debug|Any CPU
		Release|Any CPU = Release|Any CPU
	EndGlobalSection
	GlobalSection(ProjectConfigurationPlatforms) = postSolution
		{B85D79B6-5F4A-4FCF-AEEB-101D5D595FBA}.Debug|Any CPU.ActiveCfg = Debug|Any CPU
		{B85D79B6-5F4A-4FCF-AEEB-101D5D595FBA}.Debug|Any CPU.Build.0 = Debug|Any CPU
		{B85D79B6-5F4A-4FCF-AEEB-101D5D595FBA}.Release|Any CPU.ActiveCfg = Release|Any CPU
		{B85D79B6-5F4A-4FCF-AEEB-101D5D595FBA}.Release|Any CPU.Build.0 = Release|Any CPU
	EndGlobalSection
	GlobalSection(SolutionProperties) = preSolution
		HideSolutionNode = FALSE
	EndGlobalSection
	GlobalSection(ExtensibilityGlobals) = postSolution
		SolutionGuid = {1BE0F1B9-45A0-4FE6-B154-E4EC849FF28A}
	EndGlobalSection
EndGlobal
